
Microsoft Visual Studio Solution File, Format Version 12.00
# Visual Studio Version 16
VisualStudioVersion = 16.0.30204.135
MinimumVisualStudioVersion = 10.0.40219.1
Project("{9A19103F-16F7-4668-BE54-9A1E7A4F7556}") = "IrisCodingChallenge", "IrisCodingChallenge\IrisCodingChallenge.csproj", "{798C90B8-0D94-4902-A45E-CFEC1F3D3F93}"
EndProject
Project("{FAE04EC0-301F-11D3-BF4B-00C04F79EFBC}") = "IrisCodingChallengeTests", "IrisCodingChallengeTests\IrisCodingChallengeTests.csproj", "{9C8C918D-7A79-4A01-9B9F-FC08853EC3AB}"
EndProject
Global
	GlobalSection(SolutionConfigurationPlatforms) = preSolution
		Debug|Any CPU = Debug|Any CPU
		Release|Any CPU = Release|Any CPU
	EndGlobalSection
	GlobalSection(ProjectConfigurationPlatforms) = postSolution
		{798C90B8-0D94-4902-A45E-CFEC1F3D3F93}.Debug|Any CPU.ActiveCfg = Debug|Any CPU
		{798C90B8-0D94-4902-A45E-CFEC1F3D3F93}.Debug|Any CPU.Build.0 = Debug|Any CPU
		{798C90B8-0D94-4902-A45E-CFEC1F3D3F93}.Release|Any CPU.ActiveCfg = Release|Any CPU
		{798C90B8-0D94-4902-A45E-CFEC1F3D3F93}.Release|Any CPU.Build.0 = Release|Any CPU
		{9C8C918D-7A79-4A01-9B9F-FC08853EC3AB}.Debug|Any CPU.ActiveCfg = Debug|Any CPU
		{9C8C918D-7A79-4A01-9B9F-FC08853EC3AB}.Debug|Any CPU.Build.0 = Debug|Any CPU
		{9C8C918D-7A79-4A01-9B9F-FC08853EC3AB}.Release|Any CPU.ActiveCfg = Release|Any CPU
		{9C8C918D-7A79-4A01-9B9F-FC08853EC3AB}.Release|Any CPU.Build.0 = Release|Any CPU
	EndGlobalSection
	GlobalSection(SolutionProperties) = preSolution
		HideSolutionNode = FALSE
	EndGlobalSection
	GlobalSection(ExtensibilityGlobals) = postSolution
		SolutionGuid = {4BE862CF-4ABC-4713-8EBE-8ADC245C4B4A}
	EndGlobalSection
EndGlobal
